hash: 56487a75bb1f35312d6c18b44c1437570a8a4cf37b7861317e2f02621f4b178c
updated: 2016-12-31T09:06:08.829335394+08:00
imports:
- name: github.com/aymerick/raymond
  version: a2232af10b53ef1ae5a767f5178db3a6c1dab655
  subpackages:
  - ast
  - lexer
  - parser
- name: github.com/BurntSushi/toml
  version: 99064174e013895bbd9b025c31100bd1d9b590ca
- name: github.com/joho/godotenv
  version: a01a834e1654b4c9ca5b3ad05159445cc9c7ad08
- name: github.com/Sirupsen/logrus
  version: d26492970760ca5d33129d2d799e34be5c4782eb
- name: github.com/urfave/cli
  version: 0bdeddeeb0f650497d603c4ad7b20cfe685682f6
- name: golang.org/x/sys
  version: d75a52659825e75fff6158388dddc6a5b04f9ba5
  subpackages:
  - plan9
  - unix
  - windows
  - windows/registry
  - windows/svc
  - windows/svc/debug
  - windows/svc/eventlog
  - windows/svc/mgr
- name: gopkg.in/airbrake/gobrake.v2
  version: 668876711219e8b0206e2994bf0a59d889c775aa
- name: gopkg.in/gemnasium/logrus-airbrake-hook.v2
  version: bfee1239d796830ca346767650cce5ba90d58c57
- name: gopkg.in/urfave/cli.v1
  version: 0bdeddeeb0f650497d603c4ad7b20cfe685682f6
- name: gopkg.in/yaml.v2
  version: a5b47d31c556af34a302ce5d659e6fea44d90de0
testImports:
- name: github.com/davecgh/go-spew
  version: 346938d642f2ec3594ed81d874461961cd0faa76
  subpackages:
  - spew
- name: github.com/pmezard/go-difflib
  version: 792786c7400a136282c1664665ae0a8db921c6c2
  subpackages:
  - difflib
- name: github.com/stretchr/testify
  version: 2402e8e7a02fc811447d11f881aa9746cdc57983
  subpackages:
  - assert
